
Microsoft Visual Studio Solution File, Format Version 12.00
# Visual Studio Version 16
VisualStudioVersion = 16.0.29201.188
MinimumVisualStudioVersion = 10.0.40219.1
Project("{FAE04EC0-301F-11D3-BF4B-00C04F79EFBC}") = "lingo-old", "lingo-old\lingo-old.csproj", "{BDB8F158-264D-4157-AD66-FFEE29294874}"
EndProject
Project("{9A19103F-16F7-4668-BE54-9A1E7A4F7556}") = "lingo.common", "lingo.common\lingo.common.csproj", "{AD9BF3D2-B312-416B-8C75-A9E98754B60B}"
EndProject
Project("{9A19103F-16F7-4668-BE54-9A1E7A4F7556}") = "lingo.rsync.mock", "lingo.rsync.mock\lingo.rsync.mock.csproj", "{F4C6D370-609F-4CFA-9007-4D026A312FCE}"
EndProject
Project("{FAE04EC0-301F-11D3-BF4B-00C04F79EFBC}") = "lingo.rsync.mock.test", "lingo.rsync.mock.test\lingo.rsync.mock.test.csproj", "{7712A45A-6C28-46B0-B8AE-84ADCDF435B2}"
EndProject
Global
	GlobalSection(SolutionConfigurationPlatforms) = preSolution
		Debug|Any CPU = Debug|Any CPU
		Release|Any CPU = Release|Any CPU
	EndGlobalSection
	GlobalSection(ProjectConfigurationPlatforms) = postSolution
		{BDB8F158-264D-4157-AD66-FFEE29294874}.Debug|Any CPU.ActiveCfg = Debug|Any CPU
		{BDB8F158-264D-4157-AD66-FFEE29294874}.Debug|Any CPU.Build.0 = Debug|Any CPU
		{BDB8F158-264D-4157-AD66-FFEE29294874}.Release|Any CPU.ActiveCfg = Release|Any CPU
		{BDB8F158-264D-4157-AD66-FFEE29294874}.Release|Any CPU.Build.0 = Release|Any CPU
		{AD9BF3D2-B312-416B-8C75-A9E98754B60B}.Debug|Any CPU.ActiveCfg = Debug|Any CPU
		{AD9BF3D2-B312-416B-8C75-A9E98754B60B}.Debug|Any CPU.Build.0 = Debug|Any CPU
		{AD9BF3D2-B312-416B-8C75-A9E98754B60B}.Release|Any CPU.ActiveCfg = Release|Any CPU
		{AD9BF3D2-B312-416B-8C75-A9E98754B60B}.Release|Any CPU.Build.0 = Release|Any CPU
		{F4C6D370-609F-4CFA-9007-4D026A312FCE}.Debug|Any CPU.ActiveCfg = Debug|Any CPU
		{F4C6D370-609F-4CFA-9007-4D026A312FCE}.Debug|Any CPU.Build.0 = Debug|Any CPU
		{F4C6D370-609F-4CFA-9007-4D026A312FCE}.Release|Any CPU.ActiveCfg = Release|Any CPU
		{F4C6D370-609F-4CFA-9007-4D026A312FCE}.Release|Any CPU.Build.0 = Release|Any CPU
		{7712A45A-6C28-46B0-B8AE-84ADCDF435B2}.Debug|Any CPU.ActiveCfg = Debug|Any CPU
		{7712A45A-6C28-46B0-B8AE-84ADCDF435B2}.Debug|Any CPU.Build.0 = Debug|Any CPU
		{7712A45A-6C28-46B0-B8AE-84ADCDF435B2}.Release|Any CPU.ActiveCfg = Release|Any CPU
		{7712A45A-6C28-46B0-B8AE-84ADCDF435B2}.Release|Any CPU.Build.0 = Release|Any CPU
	EndGlobalSection
	GlobalSection(SolutionProperties) = preSolution
		HideSolutionNode = FALSE
	EndGlobalSection
	GlobalSection(ExtensibilityGlobals) = postSolution
		SolutionGuid = {6ECD05B1-9FE0-4F8C-9692-5E20B3B84D3D}
	EndGlobalSection
EndGlobal
